
Microsoft Visual Studio Solution File, Format Version 12.00
# Visual Studio Version 16
VisualStudioVersion = 16.0.30225.117
MinimumVisualStudioVersion = 10.0.40219.1
Project("{FAE04EC0-301F-11D3-BF4B-00C04F79EFBC}") = "FacturasAdeNet.COMMON", "FacturasAdeNet.COMMON\FacturasAdeNet.COMMON.csproj", "{2B01080B-FACE-42F8-A8FC-BD73579EA38D}"
EndProject
Global
	GlobalSection(SolutionConfigurationPlatforms) = preSolution
		Debug|Any CPU = Debug|Any CPU
		Release|Any CPU = Release|Any CPU
	EndGlobalSection
	GlobalSection(ProjectConfigurationPlatforms) = postSolution
		{2B01080B-FACE-42F8-A8FC-BD73579EA38D}.Debug|Any CPU.ActiveCfg = Debug|Any CPU
		{2B01080B-FACE-42F8-A8FC-BD73579EA38D}.Debug|Any CPU.Build.0 = Debug|Any CPU
		{2B01080B-FACE-42F8-A8FC-BD73579EA38D}.Release|Any CPU.ActiveCfg = Release|Any CPU
		{2B01080B-FACE-42F8-A8FC-BD73579EA38D}.Release|Any CPU.Build.0 = Release|Any CPU
	EndGlobalSection
	GlobalSection(SolutionProperties) = preSolution
		HideSolutionNode = FALSE
	EndGlobalSection
	GlobalSection(ExtensibilityGlobals) = postSolution
		SolutionGuid = {F2D7EAD7-99EE-4C59-8CCB-A6BC1C1A09F2}
	EndGlobalSection
EndGlobal
